// !$*UTF8*$!
{
	archiveVersion = 1;
	classes = {
	};
	objectVersion = 46;
	objects = {

/* Begin PBXBuildFile section */
		122670E01F8D168100FED033 /* UIImageView+UIActivityIndicatorForSDWebImage.m in Sources */ = {isa = PBXBuildFile; fileRef = 122670DF1F8D168100FED033 /* UIImageView+UIActivityIndicatorForSDWebImage.m */; };
		122670E31F8E85D600FED033 /* KIImagePager.m in Sources */ = {isa = PBXBuildFile; fileRef = 122670E21F8E85D600FED033 /* KIImagePager.m */; };
		12355DD41F8661D50053A5F5 /* PostAddTableViewCell.swift in Sources */ = {isa = PBXBuildFile; fileRef = 12355DD21F8661D50053A5F5 /* PostAddTableViewCell.swift */; };
		12355DD51F8661D50053A5F5 /* PostAddTableViewCell.xib in Resources */ = {isa = PBXBuildFile; fileRef = 12355DD31F8661D50053A5F5 /* PostAddTableViewCell.xib */; };
		12355DD81F86624A0053A5F5 /* PostAddOneTableViewCell.swift in Sources */ = {isa = PBXBuildFile; fileRef = 12355DD61F86624A0053A5F5 /* PostAddOneTableViewCell.swift */; };
		12355DD91F86624A0053A5F5 /* PostAddOneTableViewCell.xib in Resources */ = {isa = PBXBuildFile; fileRef = 12355DD71F86624A0053A5F5 /* PostAddOneTableViewCell.xib */; };
		12389F6A1F8558E400CE790C /* PostAddViewController.swift in Sources */ = {isa = PBXBuildFile; fileRef = 12389F691F8558E400CE790C /* PostAddViewController.swift */; };
		126CEAA61F86A68500B32BD5 /* DealsDetailsViewController.swift in Sources */ = {isa = PBXBuildFile; fileRef = 126CEAA51F86A68500B32BD5 /* DealsDetailsViewController.swift */; };
		126CEAA81F86A6D300B32BD5 /* ReviewListViewController.swift in Sources */ = {isa = PBXBuildFile; fileRef = 126CEAA71F86A6D300B32BD5 /* ReviewListViewController.swift */; };
		126CEAAA1F86A71200B32BD5 /* AboutDeailViewController.swift in Sources */ = {isa = PBXBuildFile; fileRef = 126CEAA91F86A71200B32BD5 /* AboutDeailViewController.swift */; };
		126CEAAC1F86A72C00B32BD5 /* WriteReviewViewController.swift in Sources */ = {isa = PBXBuildFile; fileRef = 126CEAAB1F86A72C00B32BD5 /* WriteReviewViewController.swift */; };
		12E8878E1F83EC4E00335823 /* LoginViewController.swift in Sources */ = {isa = PBXBuildFile; fileRef = 12E8878D1F83EC4E00335823 /* LoginViewController.swift */; };
		184139731F6FF7E900B73595 /* AppDelegate.swift in Sources */ = {isa = PBXBuildFile; fileRef = 184139721F6FF7E900B73595 /* AppDelegate.swift */; };
		184139751F6FF7EA00B73595 /* ViewController.swift in Sources */ = {isa = PBXBuildFile; fileRef = 184139741F6FF7EA00B73595 /* ViewController.swift */; };
		184139781F6FF7EA00B73595 /* Main.storyboard in Resources */ = {isa = PBXBuildFile; fileRef = 184139761F6FF7EA00B73595 /* Main.storyboard */; };
		1841397A1F6FF7EA00B73595 /* Assets.xcassets in Resources */ = {isa = PBXBuildFile; fileRef = 184139791F6FF7EA00B73595 /* Assets.xcassets */; };
		1841397D1F6FF7EA00B73595 /* LaunchScreen.storyboard in Resources */ = {isa = PBXBuildFile; fileRef = 1841397B1F6FF7EA00B73595 /* LaunchScreen.storyboard */; };
		184139881F6FF7EA00B73595 /* Walk2DealsTests.swift in Sources */ = {isa = PBXBuildFile; fileRef = 184139871F6FF7EA00B73595 /* Walk2DealsTests.swift */; };
		184139931F6FF7EA00B73595 /* Walk2DealsUITests.swift in Sources */ = {isa = PBXBuildFile; fileRef = 184139921F6FF7EA00B73595 /* Walk2DealsUITests.swift */; };
		184139A11F6FFCDF00B73595 /* CXDataService.swift in Sources */ = {isa = PBXBuildFile; fileRef = 184139A01F6FFCDF00B73595 /* CXDataService.swift */; };
		184139A41F70004200B73595 /* CXLog.swift in Sources */ = {isa = PBXBuildFile; fileRef = 184139A31F70004200B73595 /* CXLog.swift */; };
		184139AB1F70070D00B73595 /* CreateAccountViewController.swift in Sources */ = {isa = PBXBuildFile; fileRef = 184139A71F70070D00B73595 /* CreateAccountViewController.swift */; };
		184139AC1F70070D00B73595 /* VerificationCodeViewController.swift in Sources */ = {isa = PBXBuildFile; fileRef = 184139A81F70070D00B73595 /* VerificationCodeViewController.swift */; };
		184139AD1F70070D00B73595 /* EnterMobileNumberViewController.swift in Sources */ = {isa = PBXBuildFile; fileRef = 184139A91F70070D00B73595 /* EnterMobileNumberViewController.swift */; };
		184139AE1F70070D00B73595 /* LaunchViewController.swift in Sources */ = {isa = PBXBuildFile; fileRef = 184139AA1F70070D00B73595 /* LaunchViewController.swift */; };
		18437E5D1F90880D003B9631 /* CAPSPageMenu.swift in Sources */ = {isa = PBXBuildFile; fileRef = 18437E5C1F90880D003B9631 /* CAPSPageMenu.swift */; };
		18437E5F1F908C90003B9631 /* NearByDealsViewController.swift in Sources */ = {isa = PBXBuildFile; fileRef = 18437E5E1F908C90003B9631 /* NearByDealsViewController.swift */; };
		18437E631F909465003B9631 /* CXCommentRatingViewController.swift in Sources */ = {isa = PBXBuildFile; fileRef = 18437E611F909465003B9631 /* CXCommentRatingViewController.swift */; };
		18437E641F909465003B9631 /* CXCommentViewController.swift in Sources */ = {isa = PBXBuildFile; fileRef = 18437E621F909465003B9631 /* CXCommentViewController.swift */; };
		18437E661F9094AB003B9631 /* FloatRatingView.swift in Sources */ = {isa = PBXBuildFile; fileRef = 18437E651F9094AB003B9631 /* FloatRatingView.swift */; };
		18437E681F90B072003B9631 /* MapKit.framework in Frameworks */ = {isa = PBXBuildFile; fileRef = 18437E671F90B072003B9631 /* MapKit.framework */; };
		18437E6A1F90B13E003B9631 /* LFLocationService.swift in Sources */ = {isa = PBXBuildFile; fileRef = 18437E691F90B13E003B9631 /* LFLocationService.swift */; };
		18437E6D1F90B6E0003B9631 /* StarbucksAnnotation.swift in Sources */ = {isa = PBXBuildFile; fileRef = 18437E6C1F90B6E0003B9631 /* StarbucksAnnotation.swift */; };
		18437E701F90B6EE003B9631 /* CustomCalloutView.swift in Sources */ = {isa = PBXBuildFile; fileRef = 18437E6E1F90B6EE003B9631 /* CustomCalloutView.swift */; };
		18437E711F90B6EE003B9631 /* CustomCalloutView.xib in Resources */ = {isa = PBXBuildFile; fileRef = 18437E6F1F90B6EE003B9631 /* CustomCalloutView.xib */; };
		187D5B1D1F764DE900A5E250 /* SWRevealViewController.m in Sources */ = {isa = PBXBuildFile; fileRef = 187D5B1C1F764DE900A5E250 /* SWRevealViewController.m */; };
		187D5B221F764F1B00A5E250 /* HomeViewController.swift in Sources */ = {isa = PBXBuildFile; fileRef = 187D5B211F764F1B00A5E250 /* HomeViewController.swift */; };
		187D5B241F764F2C00A5E250 /* LeftViewController.swift in Sources */ = {isa = PBXBuildFile; fileRef = 187D5B231F764F2C00A5E250 /* LeftViewController.swift */; };
		187D5B271F76509100A5E250 /* reveal-icon.png in Resources */ = {isa = PBXBuildFile; fileRef = 187D5B251F76509100A5E250 /* reveal-icon.png */; };
		187D5B281F76509100A5E250 /* reveal-icon@2x.png in Resources */ = {isa = PBXBuildFile; fileRef = 187D5B261F76509100A5E250 /* reveal-icon@2x.png */; };
		187D5B321F76578C00A5E250 /* Roboto-Black.ttf in Resources */ = {isa = PBXBuildFile; fileRef = 187D5B2A1F76575100A5E250 /* Roboto-Black.ttf */; };
		187D5B331F76578C00A5E250 /* Roboto-Bold.ttf in Resources */ = {isa = PBXBuildFile; fileRef = 187D5B2B1F76575100A5E250 /* Roboto-Bold.ttf */; };
		187D5B341F76578C00A5E250 /* Roboto-Italic.ttf in Resources */ = {isa = PBXBuildFile; fileRef = 187D5B2C1F76575100A5E250 /* Roboto-Italic.ttf */; };
		187D5B351F76578C00A5E250 /* Roboto-Light.ttf in Resources */ = {isa = PBXBuildFile; fileRef = 187D5B2D1F76575100A5E250 /* Roboto-Light.ttf */; };
		187D5B361F76578C00A5E250 /* Roboto-Medium.ttf in Resources */ = {isa = PBXBuildFile; fileRef = 187D5B2E1F76575100A5E250 /* Roboto-Medium.ttf */; };
		187D5B371F76578C00A5E250 /* Roboto-Regular.ttf in Resources */ = {isa = PBXBuildFile; fileRef = 187D5B2F1F76575100A5E250 /* Roboto-Regular.ttf */; };
		187D5B381F76578C00A5E250 /* RobotoCondensed-Bold.ttf in Resources */ = {isa = PBXBuildFile; fileRef = 187D5B301F76575100A5E250 /* RobotoCondensed-Bold.ttf */; };
		187D5B391F76578C00A5E250 /* RobotoCondensed-Light.ttf in Resources */ = {isa = PBXBuildFile; fileRef = 187D5B311F76575100A5E250 /* RobotoCondensed-Light.ttf */; };
		187D5B3D1F76643F00A5E250 /* HomeCollectionViewCell.swift in Sources */ = {isa = PBXBuildFile; fileRef = 187D5B3B1F76643F00A5E250 /* HomeCollectionViewCell.swift */; };
		187D5B3E1F76643F00A5E250 /* HomeCollectionViewCell.xib in Resources */ = {isa = PBXBuildFile; fileRef = 187D5B3C1F76643F00A5E250 /* HomeCollectionViewCell.xib */; };
		187D5B411F76774800A5E250 /* TableViewCell.swift in Sources */ = {isa = PBXBuildFile; fileRef = 187D5B3F1F76774800A5E250 /* TableViewCell.swift */; };
		187D5B421F76774800A5E250 /* TableViewCell.xib in Resources */ = {isa = PBXBuildFile; fileRef = 187D5B401F76774800A5E250 /* TableViewCell.xib */; };
		18BD79D61F72A70100BB1A83 /* Configuration.plist in Resources */ = {isa = PBXBuildFile; fileRef = 18BD79D51F72A70100BB1A83 /* Configuration.plist */; };
		18BD79D81F72A74800BB1A83 /* CXAppConfig.swift in Sources */ = {isa = PBXBuildFile; fileRef = 18BD79D71F72A74800BB1A83 /* CXAppConfig.swift */; };
		45FEB2C6DF34E4D5BBC8FF78 /* Pods_Walk2Deals.framework in Frameworks */ = {isa = PBXBuildFile; fileRef = 2C9FA8110221974AAFF3FEE1 /* Pods_Walk2Deals.framework */; };
		732625FDD40822DCDD9FB0C6 /* Pods_Walk2DealsUITests.framework in Frameworks */ = {isa = PBXBuildFile; fileRef = 0D0FBCC8FB9FCE874BA10192 /* Pods_Walk2DealsUITests.framework */; };
		C437F54E9B33DF342F8BD1D0 /* Pods_Walk2DealsTests.framework in Frameworks */ = {isa = PBXBuildFile; fileRef = 03F388D68C956295A0A27D28 /* Pods_Walk2DealsTests.framework */; };
/* End PBXBuildFile section */

/* Begin PBXContainerItemProxy section */
		184139841F6FF7EA00B73595 /* PBXContainerItemProxy */ = {
			isa = PBXContainerItemProxy;
			containerPortal = 184139671F6FF7E800B73595 /* Project object */;
			proxyType = 1;
			remoteGlobalIDString = 1841396E1F6FF7E900B73595;
			remoteInfo = Walk2Deals;
		};
		1841398F1F6FF7EA00B73595 /* PBXContainerItemProxy */ = {
			isa = PBXContainerItemProxy;
			containerPortal = 184139671F6FF7E800B73595 /* Project object */;
			proxyType = 1;
			remoteGlobalIDString = 1841396E1F6FF7E900B73595;
			remoteInfo = Walk2Deals;
		};
/* End PBXContainerItemProxy section */

/* Begin PBXFileReference section */
		03F388D68C956295A0A27D28 /* Pods_Walk2DealsTests.framework */ = {isa = PBXFileReference; explicitFileType = wrapper.framework; includeInIndex = 0; path = Pods_Walk2DealsTests.framework; sourceTree = BUILT_PRODUCTS_DIR; };
		094D1CED68723E0DE3C41B5E /* Pods-Walk2Deals.release.xcconfig */ = {isa = PBXFileReference; includeInIndex = 1; lastKnownFileType = text.xcconfig; name = "Pods-Walk2Deals.release.xcconfig"; path = "Pods/Target Support Files/Pods-Walk2Deals/Pods-Walk2Deals.release.xcconfig"; sourceTree = "<group>"; };
		0D0FBCC8FB9FCE874BA10192 /* Pods_Walk2DealsUITests.framework */ = {isa = PBXFileReference; explicitFileType = wrapper.framework; includeInIndex = 0; path = Pods_Walk2DealsUITests.framework; sourceTree = BUILT_PRODUCTS_DIR; };
		122670DE1F8D168100FED033 /* UIImageView+UIActivityIndicatorForSDWebImage.h */ = {isa = PBXFileReference; fileEncoding = 4; lastKnownFileType = sourcecode.c.h; path = "UIImageView+UIActivityIndicatorForSDWebImage.h"; sourceTree = "<group>"; };
		122670DF1F8D168100FED033 /* UIImageView+UIActivityIndicatorForSDWebImage.m */ = {isa = PBXFileReference; fileEncoding = 4; lastKnownFileType = sourcecode.c.objc; path = "UIImageView+UIActivityIndicatorForSDWebImage.m"; sourceTree = "<group>"; };
		122670E11F8E85D600FED033 /* KIImagePager.h */ = {isa = PBXFileReference; fileEncoding = 4; lastKnownFileType = sourcecode.c.h; path = KIImagePager.h; sourceTree = "<group>"; };
		122670E21F8E85D600FED033 /* KIImagePager.m */ = {isa = PBXFileReference; fileEncoding = 4; lastKnownFileType = sourcecode.c.objc; path = KIImagePager.m; sourceTree = "<group>"; };
		12355DD21F8661D50053A5F5 /* PostAddTableViewCell.swift */ = {isa = PBXFileReference; fileEncoding = 4; lastKnownFileType = sourcecode.swift; path = PostAddTableViewCell.swift; sourceTree = "<group>"; };
		12355DD31F8661D50053A5F5 /* PostAddTableViewCell.xib */ = {isa = PBXFileReference; fileEncoding = 4; lastKnownFileType = file.xib; path = PostAddTableViewCell.xib; sourceTree = "<group>"; };
		12355DD61F86624A0053A5F5 /* PostAddOneTableViewCell.swift */ = {isa = PBXFileReference; fileEncoding = 4; lastKnownFileType = sourcecode.swift; path = PostAddOneTableViewCell.swift; sourceTree = "<group>"; };
		12355DD71F86624A0053A5F5 /* PostAddOneTableViewCell.xib */ = {isa = PBXFileReference; fileEncoding = 4; lastKnownFileType = file.xib; path = PostAddOneTableViewCell.xib; sourceTree = "<group>"; };
		12389F691F8558E400CE790C /* PostAddViewController.swift */ = {isa = PBXFileReference; fileEncoding = 4; lastKnownFileType = sourcecode.swift; path = PostAddViewController.swift; sourceTree = "<group>"; };
		126CEAA51F86A68500B32BD5 /* DealsDetailsViewController.swift */ = {isa = PBXFileReference; fileEncoding = 4; lastKnownFileType = sourcecode.swift; path = DealsDetailsViewController.swift; sourceTree = "<group>"; };
		126CEAA71F86A6D300B32BD5 /* ReviewListViewController.swift */ = {isa = PBXFileReference; fileEncoding = 4; lastKnownFileType = sourcecode.swift; path = ReviewListViewController.swift; sourceTree = "<group>"; };
		126CEAA91F86A71200B32BD5 /* AboutDeailViewController.swift */ = {isa = PBXFileReference; fileEncoding = 4; lastKnownFileType = sourcecode.swift; path = AboutDeailViewController.swift; sourceTree = "<group>"; };
		126CEAAB1F86A72C00B32BD5 /* WriteReviewViewController.swift */ = {isa = PBXFileReference; fileEncoding = 4; lastKnownFileType = sourcecode.swift; path = WriteReviewViewController.swift; sourceTree = "<group>"; };
		12E8878D1F83EC4E00335823 /* LoginViewController.swift */ = {isa = PBXFileReference; fileEncoding = 4; lastKnownFileType = sourcecode.swift; path = LoginViewController.swift; sourceTree = "<group>"; };
		1841396F1F6FF7E900B73595 /* Walk2Deals.app */ = {isa = PBXFileReference; explicitFileType = wrapper.application; includeInIndex = 0; path = Walk2Deals.app; sourceTree = BUILT_PRODUCTS_DIR; };
		184139721F6FF7E900B73595 /* AppDelegate.swift */ = {isa = PBXFileReference; lastKnownFileType = sourcecode.swift; path = AppDelegate.swift; sourceTree = "<group>"; };
		184139741F6FF7EA00B73595 /* ViewController.swift */ = {isa = PBXFileReference; lastKnownFileType = sourcecode.swift; path = ViewController.swift; sourceTree = "<group>"; };
		184139771F6FF7EA00B73595 /* Base */ = {isa = PBXFileReference; lastKnownFileType = file.storyboard; name = Base; path = Base.lproj/Main.storyboard; sourceTree = "<group>"; };
		184139791F6FF7EA00B73595 /* Assets.xcassets */ = {isa = PBXFileReference; lastKnownFileType = folder.assetcatalog; path = Assets.xcassets; sourceTree = "<group>"; };
		1841397C1F6FF7EA00B73595 /* Base */ = {isa = PBXFileReference; lastKnownFileType = file.storyboard; name = Base; path = Base.lproj/LaunchScreen.storyboard; sourceTree = "<group>"; };
		1841397E1F6FF7EA00B73595 /* Info.plist */ = {isa = PBXFileReference; lastKnownFileType = text.plist.xml; path = Info.plist; sourceTree = "<group>"; };
		184139831F6FF7EA00B73595 /* Walk2DealsTests.xctest */ = {isa = PBXFileReference; explicitFileType = wrapper.cfbundle; includeInIndex = 0; path = Walk2DealsTests.xctest; sourceTree = BUILT_PRODUCTS_DIR; };
		184139871F6FF7EA00B73595 /* Walk2DealsTests.swift */ = {isa = PBXFileReference; lastKnownFileType = sourcecode.swift; path = Walk2DealsTests.swift; sourceTree = "<group>"; };
		184139891F6FF7EA00B73595 /* Info.plist */ = {isa = PBXFileReference; lastKnownFileType = text.plist.xml; path = Info.plist; sourceTree = "<group>"; };
		1841398E1F6FF7EA00B73595 /* Walk2DealsUITests.xctest */ = {isa = PBXFileReference; explicitFileType = wrapper.cfbundle; includeInIndex = 0; path = Walk2DealsUITests.xctest; sourceTree = BUILT_PRODUCTS_DIR; };
		184139921F6FF7EA00B73595 /* Walk2DealsUITests.swift */ = {isa = PBXFileReference; lastKnownFileType = sourcecode.swift; path = Walk2DealsUITests.swift; sourceTree = "<group>"; };
		184139941F6FF7EA00B73595 /* Info.plist */ = {isa = PBXFileReference; lastKnownFileType = text.plist.xml; path = Info.plist; sourceTree = "<group>"; };
		184139A01F6FFCDF00B73595 /* CXDataService.swift */ = {isa = PBXFileReference; fileEncoding = 4; lastKnownFileType = sourcecode.swift; path = CXDataService.swift; sourceTree = "<group>"; };
		184139A31F70004200B73595 /* CXLog.swift */ = {isa = PBXFileReference; fileEncoding = 4; lastKnownFileType = sourcecode.swift; path = CXLog.swift; sourceTree = "<group>"; };
		184139A71F70070D00B73595 /* CreateAccountViewController.swift */ = {isa = PBXFileReference; fileEncoding = 4; lastKnownFileType = sourcecode.swift; path = CreateAccountViewController.swift; sourceTree = "<group>"; };
		184139A81F70070D00B73595 /* VerificationCodeViewController.swift */ = {isa = PBXFileReference; fileEncoding = 4; lastKnownFileType = sourcecode.swift; path = VerificationCodeViewController.swift; sourceTree = "<group>"; };
		184139A91F70070D00B73595 /* EnterMobileNumberViewController.swift */ = {isa = PBXFileReference; fileEncoding = 4; lastKnownFileType = sourcecode.swift; path = EnterMobileNumberViewController.swift; sourceTree = "<group>"; };
		184139AA1F70070D00B73595 /* LaunchViewController.swift */ = {isa = PBXFileReference; fileEncoding = 4; lastKnownFileType = sourcecode.swift; path = LaunchViewController.swift; sourceTree = "<group>"; };
		18437E5C1F90880D003B9631 /* CAPSPageMenu.swift */ = {isa = PBXFileReference; fileEncoding = 4; lastKnownFileType = sourcecode.swift; path = CAPSPageMenu.swift; sourceTree = "<group>"; };
		18437E5E1F908C90003B9631 /* NearByDealsViewController.swift */ = {isa = PBXFileReference; fileEncoding = 4; lastKnownFileType = sourcecode.swift; path = NearByDealsViewController.swift; sourceTree = "<group>"; };
		18437E611F909465003B9631 /* CXCommentRatingViewController.swift */ = {isa = PBXFileReference; fileEncoding = 4; lastKnownFileType = sourcecode.swift; path = CXCommentRatingViewController.swift; sourceTree = "<group>"; };
		18437E621F909465003B9631 /* CXCommentViewController.swift */ = {isa = PBXFileReference; fileEncoding = 4; lastKnownFileType = sourcecode.swift; path = CXCommentViewController.swift; sourceTree = "<group>"; };
		18437E651F9094AB003B9631 /* FloatRatingView.swift */ = {isa = PBXFileReference; fileEncoding = 4; lastKnownFileType = sourcecode.swift; path = FloatRatingView.swift; sourceTree = "<group>"; };
		18437E671F90B072003B9631 /* MapKit.framework */ = {isa = PBXFileReference; lastKnownFileType = wrapper.framework; name = MapKit.framework; path = System/Library/Frameworks/MapKit.framework; sourceTree = SDKROOT; };
		18437E691F90B13E003B9631 /* LFLocationService.swift */ = {isa = PBXFileReference; fileEncoding = 4; lastKnownFileType = sourcecode.swift; path = LFLocationService.swift; sourceTree = "<group>"; };
		18437E6C1F90B6E0003B9631 /* StarbucksAnnotation.swift */ = {isa = PBXFileReference; fileEncoding = 4; lastKnownFileType = sourcecode.swift; path = StarbucksAnnotation.swift; sourceTree = "<group>"; };
		18437E6E1F90B6EE003B9631 /* CustomCalloutView.swift */ = {isa = PBXFileReference; fileEncoding = 4; lastKnownFileType = sourcecode.swift; path = CustomCalloutView.swift; sourceTree = "<group>"; };
		18437E6F1F90B6EE003B9631 /* CustomCalloutView.xib */ = {isa = PBXFileReference; fileEncoding = 4; lastKnownFileType = file.xib; path = CustomCalloutView.xib; sourceTree = "<group>"; };
		187D5B1A1F764DE900A5E250 /* Walk2Deals-Bridging-Header.h */ = {isa = PBXFileReference; lastKnownFileType = sourcecode.c.h; path = "Walk2Deals-Bridging-Header.h"; sourceTree = "<group>"; };
		187D5B1B1F764DE900A5E250 /* SWRevealViewController.h */ = {isa = PBXFileReference; fileEncoding = 4; lastKnownFileType = sourcecode.c.h; path = SWRevealViewController.h; sourceTree = "<group>"; };
		187D5B1C1F764DE900A5E250 /* SWRevealViewController.m */ = {isa = PBXFileReference; fileEncoding = 4; lastKnownFileType = sourcecode.c.objc; path = SWRevealViewController.m; sourceTree = "<group>"; };
		187D5B211F764F1B00A5E250 /* HomeViewController.swift */ = {isa = PBXFileReference; fileEncoding = 4; lastKnownFileType = sourcecode.swift; path = HomeViewController.swift; sourceTree = "<group>"; };
		187D5B231F764F2C00A5E250 /* LeftViewController.swift */ = {isa = PBXFileReference; fileEncoding = 4; lastKnownFileType = sourcecode.swift; path = LeftViewController.swift; sourceTree = "<group>"; };
		187D5B251F76509100A5E250 /* reveal-icon.png */ = {isa = PBXFileReference; lastKnownFileType = image.png; path = "reveal-icon.png"; sourceTree = "<group>"; };
		187D5B261F76509100A5E250 /* reveal-icon@2x.png */ = {isa = PBXFileReference; lastKnownFileType = image.png; path = "reveal-icon@2x.png"; sourceTree = "<group>"; };
		187D5B2A1F76575100A5E250 /* Roboto-Black.ttf */ = {isa = PBXFileReference; lastKnownFileType = file; path = "Roboto-Black.ttf"; sourceTree = "<group>"; };
		187D5B2B1F76575100A5E250 /* Roboto-Bold.ttf */ = {isa = PBXFileReference; lastKnownFileType = file; path = "Roboto-Bold.ttf"; sourceTree = "<group>"; };
		187D5B2C1F76575100A5E250 /* Roboto-Italic.ttf */ = {isa = PBXFileReference; lastKnownFileType = file; path = "Roboto-Italic.ttf"; sourceTree = "<group>"; };
		187D5B2D1F76575100A5E250 /* Roboto-Light.ttf */ = {isa = PBXFileReference; lastKnownFileType = file; path = "Roboto-Light.ttf"; sourceTree = "<group>"; };
		187D5B2E1F76575100A5E250 /* Roboto-Medium.ttf */ = {isa = PBXFileReference; lastKnownFileType = file; path = "Roboto-Medium.ttf"; sourceTree = "<group>"; };
		187D5B2F1F76575100A5E250 /* Roboto-Regular.ttf */ = {isa = PBXFileReference; lastKnownFileType = file; path = "Roboto-Regular.ttf"; sourceTree = "<group>"; };
		187D5B301F76575100A5E250 /* RobotoCondensed-Bold.ttf */ = {isa = PBXFileReference; lastKnownFileType = file; path = "RobotoCondensed-Bold.ttf"; sourceTree = "<group>"; };
		187D5B311F76575100A5E250 /* RobotoCondensed-Light.ttf */ = {isa = PBXFileReference; lastKnownFileType = file; path = "RobotoCondensed-Light.ttf"; sourceTree = "<group>"; };
		187D5B3B1F76643F00A5E250 /* HomeCollectionViewCell.swift */ = {isa = PBXFileReference; fileEncoding = 4; lastKnownFileType = sourcecode.swift; path = HomeCollectionViewCell.swift; sourceTree = "<group>"; };
		187D5B3C1F76643F00A5E250 /* HomeCollectionViewCell.xib */ = {isa = PBXFileReference; fileEncoding = 4; lastKnownFileType = file.xib; path = HomeCollectionViewCell.xib; sourceTree = "<group>"; };
		187D5B3F1F76774800A5E250 /* TableViewCell.swift */ = {isa = PBXFileReference; fileEncoding = 4; lastKnownFileType = sourcecode.swift; path = TableViewCell.swift; sourceTree = "<group>"; };
		187D5B401F76774800A5E250 /* TableViewCell.xib */ = {isa = PBXFileReference; fileEncoding = 4; lastKnownFileType = file.xib; path = TableViewCell.xib; sourceTree = "<group>"; };
		18BD79D51F72A70100BB1A83 /* Configuration.plist */ = {isa = PBXFileReference; fileEncoding = 4; lastKnownFileType = text.plist.xml; path = Configuration.plist; sourceTree = "<group>"; };
		18BD79D71F72A74800BB1A83 /* CXAppConfig.swift */ = {isa = PBXFileReference; fileEncoding = 4; lastKnownFileType = sourcecode.swift; path = CXAppConfig.swift; sourceTree = "<group>"; };
		2C9FA8110221974AAFF3FEE1 /* Pods_Walk2Deals.framework */ = {isa = PBXFileReference; explicitFileType = wrapper.framework; includeInIndex = 0; path = Pods_Walk2Deals.framework; sourceTree = BUILT_PRODUCTS_DIR; };
		513194D07A79E0872A50E4E1 /* Pods-Walk2Deals.debug.xcconfig */ = {isa = PBXFileReference; includeInIndex = 1; lastKnownFileType = text.xcconfig; name = "Pods-Walk2Deals.debug.xcconfig"; path = "Pods/Target Support Files/Pods-Walk2Deals/Pods-Walk2Deals.debug.xcconfig"; sourceTree = "<group>"; };
		93E02FF06837F95D0027841B /* Pods-Walk2DealsUITests.debug.xcconfig */ = {isa = PBXFileReference; includeInIndex = 1; lastKnownFileType = text.xcconfig; name = "Pods-Walk2DealsUITests.debug.xcconfig"; path = "Pods/Target Support Files/Pods-Walk2DealsUITests/Pods-Walk2DealsUITests.debug.xcconfig"; sourceTree = "<group>"; };
		AD6DB2711D3E21BEF474A903 /* Pods-Walk2DealsTests.debug.xcconfig */ = {isa = PBXFileReference; includeInIndex = 1; lastKnownFileType = text.xcconfig; name = "Pods-Walk2DealsTests.debug.xcconfig"; path = "Pods/Target Support Files/Pods-Walk2DealsTests/Pods-Walk2DealsTests.debug.xcconfig"; sourceTree = "<group>"; };
		D09F227503B92FB17082B3CB /* Pods-Walk2DealsTests.release.xcconfig */ = {isa = PBXFileReference; includeInIndex = 1; lastKnownFileType = text.xcconfig; name = "Pods-Walk2DealsTests.release.xcconfig"; path = "Pods/Target Support Files/Pods-Walk2DealsTests/Pods-Walk2DealsTests.release.xcconfig"; sourceTree = "<group>"; };
		ECD70C951A49E23B6115ABE8 /* Pods-Walk2DealsUITests.release.xcconfig */ = {isa = PBXFileReference; includeInIndex = 1; lastKnownFileType = text.xcconfig; name = "Pods-Walk2DealsUITests.release.xcconfig"; path = "Pods/Target Support Files/Pods-Walk2DealsUITests/Pods-Walk2DealsUITests.release.xcconfig"; sourceTree = "<group>"; };
/* End PBXFileReference section */

/* Begin PBXFrameworksBuildPhase section */
		1841396C1F6FF7E900B73595 /* Frameworks */ = {
			isa = PBXFrameworksBuildPhase;
			buildActionMask = 2147483647;
			files = (
				18437E681F90B072003B9631 /* MapKit.framework in Frameworks */,
				45FEB2C6DF34E4D5BBC8FF78 /* Pods_Walk2Deals.framework in Frameworks */,
			);
			runOnlyForDeploymentPostprocessing = 0;
		};
		184139801F6FF7EA00B73595 /* Frameworks */ = {
			isa = PBXFrameworksBuildPhase;
			buildActionMask = 2147483647;
			files = (
				C437F54E9B33DF342F8BD1D0 /* Pods_Walk2DealsTests.framework in Frameworks */,
			);
			runOnlyForDeploymentPostprocessing = 0;
		};
		1841398B1F6FF7EA00B73595 /* Frameworks */ = {
			isa = PBXFrameworksBuildPhase;
			buildActionMask = 2147483647;
			files = (
				732625FDD40822DCDD9FB0C6 /* Pods_Walk2DealsUITests.framework in Frameworks */,
			);
			runOnlyForDeploymentPostprocessing = 0;
		};
/* End PBXFrameworksBuildPhase section */

/* Begin PBXGroup section */
		122670DD1F8D166700FED033 /* SdWebImage */ = {
			isa = PBXGroup;
			children = (
				122670DE1F8D168100FED033 /* UIImageView+UIActivityIndicatorForSDWebImage.h */,
				122670DF1F8D168100FED033 /* UIImageView+UIActivityIndicatorForSDWebImage.m */,
			);
			name = SdWebImage;
			sourceTree = "<group>";
		};
		12389F681F8558C400CE790C /* PostAdd */ = {
			isa = PBXGroup;
			children = (
				12389F691F8558E400CE790C /* PostAddViewController.swift */,
				12355DD21F8661D50053A5F5 /* PostAddTableViewCell.swift */,
				12355DD31F8661D50053A5F5 /* PostAddTableViewCell.xib */,
				12355DD61F86624A0053A5F5 /* PostAddOneTableViewCell.swift */,
				12355DD71F86624A0053A5F5 /* PostAddOneTableViewCell.xib */,
			);
			name = PostAdd;
			sourceTree = "<group>";
		};
		126CEAA41F86A66A00B32BD5 /* DealsDetails */ = {
			isa = PBXGroup;
			children = (
				18437E691F90B13E003B9631 /* LFLocationService.swift */,
				126CEAA51F86A68500B32BD5 /* DealsDetailsViewController.swift */,
				126CEAA71F86A6D300B32BD5 /* ReviewListViewController.swift */,
				126CEAA91F86A71200B32BD5 /* AboutDeailViewController.swift */,
				126CEAAB1F86A72C00B32BD5 /* WriteReviewViewController.swift */,
			);
			name = DealsDetails;
			sourceTree = "<group>";
		};
		12E8878C1F83EC1300335823 /* Login */ = {
			isa = PBXGroup;
			children = (
				12E8878D1F83EC4E00335823 /* LoginViewController.swift */,
			);
			name = Login;
			sourceTree = "<group>";
		};
		184139661F6FF7E800B73595 = {
			isa = PBXGroup;
			children = (
				184139711F6FF7E900B73595 /* Walk2Deals */,
				184139861F6FF7EA00B73595 /* Walk2DealsTests */,
				184139911F6FF7EA00B73595 /* Walk2DealsUITests */,
				184139701F6FF7E900B73595 /* Products */,
				F3AAE232D72640C18CD25227 /* Pods */,
				77B703CC46946E871D7824DB /* Frameworks */,
			);
			sourceTree = "<group>";
		};
		184139701F6FF7E900B73595 /* Products */ = {
			isa = PBXGroup;
			children = (
				1841396F1F6FF7E900B73595 /* Walk2Deals.app */,
				184139831F6FF7EA00B73595 /* Walk2DealsTests.xctest */,
				1841398E1F6FF7EA00B73595 /* Walk2DealsUITests.xctest */,
			);
			name = Products;
			sourceTree = "<group>";
		};
		184139711F6FF7E900B73595 /* Walk2Deals */ = {
			isa = PBXGroup;
			children = (
				18437E601F909458003B9631 /* Comment */,
				122670E11F8E85D600FED033 /* KIImagePager.h */,
				18437E5C1F90880D003B9631 /* CAPSPageMenu.swift */,
				122670E21F8E85D600FED033 /* KIImagePager.m */,
				122670DD1F8D166700FED033 /* SdWebImage */,
				12389F681F8558C400CE790C /* PostAdd */,
				187D5B3A1F76642C00A5E250 /* Home */,
				187D5B291F76574200A5E250 /* Font */,
				187D5B191F76495100A5E250 /* SidePanel */,
				184139AF1F70071100B73595 /* Controllers */,
				184139A21F6FFCE200B73595 /* DataService */,
				184139721F6FF7E900B73595 /* AppDelegate.swift */,
				184139741F6FF7EA00B73595 /* ViewController.swift */,
				18BD79D51F72A70100BB1A83 /* Configuration.plist */,
				18BD79D71F72A74800BB1A83 /* CXAppConfig.swift */,
				184139A01F6FFCDF00B73595 /* CXDataService.swift */,
				184139A31F70004200B73595 /* CXLog.swift */,
				184139AA1F70070D00B73595 /* LaunchViewController.swift */,
				184139761F6FF7EA00B73595 /* Main.storyboard */,
				184139791F6FF7EA00B73595 /* Assets.xcassets */,
				1841397B1F6FF7EA00B73595 /* LaunchScreen.storyboard */,
				1841397E1F6FF7EA00B73595 /* Info.plist */,
			);
			path = Walk2Deals;
			sourceTree = "<group>";
		};
		184139861F6FF7EA00B73595 /* Walk2DealsTests */ = {
			isa = PBXGroup;
			children = (
				184139871F6FF7EA00B73595 /* Walk2DealsTests.swift */,
				184139891F6FF7EA00B73595 /* Info.plist */,
			);
			path = Walk2DealsTests;
			sourceTree = "<group>";
		};
		184139911F6FF7EA00B73595 /* Walk2DealsUITests */ = {
			isa = PBXGroup;
			children = (
				184139921F6FF7EA00B73595 /* Walk2DealsUITests.swift */,
				184139941F6FF7EA00B73595 /* Info.plist */,
			);
			path = Walk2DealsUITests;
			sourceTree = "<group>";
		};
		184139A21F6FFCE200B73595 /* DataService */ = {
			isa = PBXGroup;
			children = (
			);
			name = DataService;
			sourceTree = "<group>";
		};
		184139AF1F70071100B73595 /* Controllers */ = {
			isa = PBXGroup;
			children = (
				12E8878C1F83EC1300335823 /* Login */,
				184139A71F70070D00B73595 /* CreateAccountViewController.swift */,
				184139A81F70070D00B73595 /* VerificationCodeViewController.swift */,
				184139A91F70070D00B73595 /* EnterMobileNumberViewController.swift */,
			);
			name = Controllers;
			sourceTree = "<group>";
		};
		18437E601F909458003B9631 /* Comment */ = {
			isa = PBXGroup;
			children = (
				18437E651F9094AB003B9631 /* FloatRatingView.swift */,
				18437E611F909465003B9631 /* CXCommentRatingViewController.swift */,
				18437E621F909465003B9631 /* CXCommentViewController.swift */,
			);
			name = Comment;
			sourceTree = "<group>";
		};
		18437E6B1F90B6D2003B9631 /* NearByDeals */ = {
			isa = PBXGroup;
			children = (
				18437E6E1F90B6EE003B9631 /* CustomCalloutView.swift */,
				18437E6F1F90B6EE003B9631 /* CustomCalloutView.xib */,
				18437E6C1F90B6E0003B9631 /* StarbucksAnnotation.swift */,
			);
			name = NearByDeals;
			sourceTree = "<group>";
		};
		187D5B191F76495100A5E250 /* SidePanel */ = {
			isa = PBXGroup;
			children = (
				187D5B251F76509100A5E250 /* reveal-icon.png */,
				187D5B261F76509100A5E250 /* reveal-icon@2x.png */,
				187D5B1B1F764DE900A5E250 /* SWRevealViewController.h */,
				187D5B1C1F764DE900A5E250 /* SWRevealViewController.m */,
				187D5B1A1F764DE900A5E250 /* Walk2Deals-Bridging-Header.h */,
				187D5B231F764F2C00A5E250 /* LeftViewController.swift */,
				18437E5E1F908C90003B9631 /* NearByDealsViewController.swift */,
			);
			name = SidePanel;
			sourceTree = "<group>";
		};
		187D5B291F76574200A5E250 /* Font */ = {
			isa = PBXGroup;
			children = (
				187D5B2A1F76575100A5E250 /* Roboto-Black.ttf */,
				187D5B2B1F76575100A5E250 /* Roboto-Bold.ttf */,
				187D5B2C1F76575100A5E250 /* Roboto-Italic.ttf */,
				187D5B2D1F76575100A5E250 /* Roboto-Light.ttf */,
				187D5B2E1F76575100A5E250 /* Roboto-Medium.ttf */,
				187D5B2F1F76575100A5E250 /* Roboto-Regular.ttf */,
				187D5B301F76575100A5E250 /* RobotoCondensed-Bold.ttf */,
				187D5B311F76575100A5E250 /* RobotoCondensed-Light.ttf */,
			);
			name = Font;
			sourceTree = "<group>";
		};
		187D5B3A1F76642C00A5E250 /* Home */ = {
			isa = PBXGroup;
			children = (
				18437E6B1F90B6D2003B9631 /* NearByDeals */,
				126CEAA41F86A66A00B32BD5 /* DealsDetails */,
				187D5B3B1F76643F00A5E250 /* HomeCollectionViewCell.swift */,
				187D5B3C1F76643F00A5E250 /* HomeCollectionViewCell.xib */,
				187D5B211F764F1B00A5E250 /* HomeViewController.swift */,
				187D5B3F1F76774800A5E250 /* TableViewCell.swift */,
				187D5B401F76774800A5E250 /* TableViewCell.xib */,
			);
			name = Home;
			sourceTree = "<group>";
		};
		77B703CC46946E871D7824DB /* Frameworks */ = {
			isa = PBXGroup;
			children = (
				18437E671F90B072003B9631 /* MapKit.framework */,
				2C9FA8110221974AAFF3FEE1 /* Pods_Walk2Deals.framework */,
				03F388D68C956295A0A27D28 /* Pods_Walk2DealsTests.framework */,
				0D0FBCC8FB9FCE874BA10192 /* Pods_Walk2DealsUITests.framework */,
			);
			name = Frameworks;
			sourceTree = "<group>";
		};
		F3AAE232D72640C18CD25227 /* Pods */ = {
			isa = PBXGroup;
			children = (
				513194D07A79E0872A50E4E1 /* Pods-Walk2Deals.debug.xcconfig */,
				094D1CED68723E0DE3C41B5E /* Pods-Walk2Deals.release.xcconfig */,
				AD6DB2711D3E21BEF474A903 /* Pods-Walk2DealsTests.debug.xcconfig */,
				D09F227503B92FB17082B3CB /* Pods-Walk2DealsTests.release.xcconfig */,
				93E02FF06837F95D0027841B /* Pods-Walk2DealsUITests.debug.xcconfig */,
				ECD70C951A49E23B6115ABE8 /* Pods-Walk2DealsUITests.release.xcconfig */,
			);
			name = Pods;
			sourceTree = "<group>";
		};
/* End PBXGroup section */

/* Begin PBXNativeTarget section */
		1841396E1F6FF7E900B73595 /* Walk2Deals */ = {
			isa = PBXNativeTarget;
			buildConfigurationList = 184139971F6FF7EA00B73595 /* Build configuration list for PBXNativeTarget "Walk2Deals" */;
			buildPhases = (
				292F64C75E608421043B86A4 /* [CP] Check Pods Manifest.lock */,
				1841396B1F6FF7E900B73595 /* Sources */,
				1841396C1F6FF7E900B73595 /* Frameworks */,
				1841396D1F6FF7E900B73595 /* Resources */,
				E1FE8422EE5A3D3322D39DE1 /* [CP] Embed Pods Frameworks */,
				3BBEFED3F67D9ACA12F92993 /* [CP] Copy Pods Resources */,
			);
			buildRules = (
			);
			dependencies = (
			);
			name = Walk2Deals;
			productName = Walk2Deals;
			productReference = 1841396F1F6FF7E900B73595 /* Walk2Deals.app */;
			productType = "com.apple.product-type.application";
		};
		184139821F6FF7EA00B73595 /* Walk2DealsTests */ = {
			isa = PBXNativeTarget;
			buildConfigurationList = 1841399A1F6FF7EA00B73595 /* Build configuration list for PBXNativeTarget "Walk2DealsTests" */;
			buildPhases = (
				DB6E6259D4C30C572695EC4D /* [CP] Check Pods Manifest.lock */,
				1841397F1F6FF7EA00B73595 /* Sources */,
				184139801F6FF7EA00B73595 /* Frameworks */,
				184139811F6FF7EA00B73595 /* Resources */,
				5187825AA58FF5FA78B78AE4 /* [CP] Embed Pods Frameworks */,
				29687829576BDCC3D392D689 /* [CP] Copy Pods Resources */,
			);
			buildRules = (
			);
			dependencies = (
				184139851F6FF7EA00B73595 /* PBXTargetDependency */,
			);
			name = Walk2DealsTests;
			productName = Walk2DealsTests;
			productReference = 184139831F6FF7EA00B73595 /* Walk2DealsTests.xctest */;
			productType = "com.apple.product-type.bundle.unit-test";
		};
		1841398D1F6FF7EA00B73595 /* Walk2DealsUITests */ = {
			isa = PBXNativeTarget;
			buildConfigurationList = 1841399D1F6FF7EA00B73595 /* Build configuration list for PBXNativeTarget "Walk2DealsUITests" */;
			buildPhases = (
				945ED9BFBB48059AB2052675 /* [CP] Check Pods Manifest.lock */,
				1841398A1F6FF7EA00B73595 /* Sources */,
				1841398B1F6FF7EA00B73595 /* Frameworks */,
				1841398C1F6FF7EA00B73595 /* Resources */,
				36816D7C8D5368508D6BD022 /* [CP] Embed Pods Frameworks */,
				07F6D326E16DA4113B9DD5EF /* [CP] Copy Pods Resources */,
			);
			buildRules = (
			);
			dependencies = (
				184139901F6FF7EA00B73595 /* PBXTargetDependency */,
			);
			name = Walk2DealsUITests;
			productName = Walk2DealsUITests;
			productReference = 1841398E1F6FF7EA00B73595 /* Walk2DealsUITests.xctest */;
			productType = "com.apple.product-type.bundle.ui-testing";
		};
/* End PBXNativeTarget section */

/* Begin PBXProject section */
		184139671F6FF7E800B73595 /* Project object */ = {
			isa = PBXProject;
			attributes = {
				LastSwiftUpdateCheck = 0830;
				LastUpgradeCheck = 0830;
				ORGANIZATIONNAME = ongo;
				TargetAttributes = {
					1841396E1F6FF7E900B73595 = {
						CreatedOnToolsVersion = 8.3.3;
						LastSwiftMigration = 0830;
						ProvisioningStyle = Automatic;
						SystemCapabilities = {
							com.apple.Maps.iOS = {
								enabled = 1;
							};
						};
					};
					184139821F6FF7EA00B73595 = {
						CreatedOnToolsVersion = 8.3.3;
						ProvisioningStyle = Automatic;
						TestTargetID = 1841396E1F6FF7E900B73595;
					};
					1841398D1F6FF7EA00B73595 = {
						CreatedOnToolsVersion = 8.3.3;
						ProvisioningStyle = Automatic;
						TestTargetID = 1841396E1F6FF7E900B73595;
					};
				};
			};
			buildConfigurationList = 1841396A1F6FF7E800B73595 /* Build configuration list for PBXProject "Walk2Deals" */;
			compatibilityVersion = "Xcode 3.2";
			developmentRegion = English;
			hasScannedForEncodings = 0;
			knownRegions = (
				en,
				Base,
			);
			mainGroup = 184139661F6FF7E800B73595;
			productRefGroup = 184139701F6FF7E900B73595 /* Products */;
			projectDirPath = "";
			projectRoot = "";
			targets = (
				1841396E1F6FF7E900B73595 /* Walk2Deals */,
				184139821F6FF7EA00B73595 /* Walk2DealsTests */,
				1841398D1F6FF7EA00B73595 /* Walk2DealsUITests */,
			);
		};
/* End PBXProject section */

/* Begin PBXResourcesBuildPhase section */
		1841396D1F6FF7E900B73595 /* Resources */ = {
			isa = PBXResourcesBuildPhase;
			buildActionMask = 2147483647;
			files = (
				187D5B321F76578C00A5E250 /* Roboto-Black.ttf in Resources */,
				187D5B331F76578C00A5E250 /* Roboto-Bold.ttf in Resources */,
				187D5B341F76578C00A5E250 /* Roboto-Italic.ttf in Resources */,
				187D5B351F76578C00A5E250 /* Roboto-Light.ttf in Resources */,
				187D5B361F76578C00A5E250 /* Roboto-Medium.ttf in Resources */,
				18437E711F90B6EE003B9631 /* CustomCalloutView.xib in Resources */,
				187D5B421F76774800A5E250 /* TableViewCell.xib in Resources */,
				187D5B371F76578C00A5E250 /* Roboto-Regular.ttf in Resources */,
				187D5B381F76578C00A5E250 /* RobotoCondensed-Bold.ttf in Resources */,
				187D5B391F76578C00A5E250 /* RobotoCondensed-Light.ttf in Resources */,
				1841397D1F6FF7EA00B73595 /* LaunchScreen.storyboard in Resources */,
				18BD79D61F72A70100BB1A83 /* Configuration.plist in Resources */,
				187D5B3E1F76643F00A5E250 /* HomeCollectionViewCell.xib in Resources */,
				12355DD91F86624A0053A5F5 /* PostAddOneTableViewCell.xib in Resources */,
				187D5B281F76509100A5E250 /* reveal-icon@2x.png in Resources */,
				1841397A1F6FF7EA00B73595 /* Assets.xcassets in Resources */,
				12355DD51F8661D50053A5F5 /* PostAddTableViewCell.xib in Resources */,
				184139781F6FF7EA00B73595 /* Main.storyboard in Resources */,
				187D5B271F76509100A5E250 /* reveal-icon.png in Resources */,
			);
			runOnlyForDeploymentPostprocessing = 0;
		};
		184139811F6FF7EA00B73595 /* Resources */ = {
			isa = PBXResourcesBuildPhase;
			buildActionMask = 2147483647;
			files = (
			);
			runOnlyForDeploymentPostprocessing = 0;
		};
		1841398C1F6FF7EA00B73595 /* Resources */ = {
			isa = PBXResourcesBuildPhase;
			buildActionMask = 2147483647;
			files = (
			);
			runOnlyForDeploymentPostprocessing = 0;
		};
/* End PBXResourcesBuildPhase section */

/* Begin PBXShellScriptBuildPhase section */
		07F6D326E16DA4113B9DD5EF /* [CP] Copy Pods Resources */ = {
			isa = PBXShellScriptBuildPhase;
			buildActionMask = 2147483647;
			files = (
			);
			inputPaths = (
			);
			name = "[CP] Copy Pods Resources";
			outputPaths = (
			);
			runOnlyForDeploymentPostprocessing = 0;
			shellPath = /bin/sh;
			shellScript = "\"${SRCROOT}/Pods/Target Support Files/Pods-Walk2DealsUITests/Pods-Walk2DealsUITests-resources.sh\"\n";
			showEnvVarsInLog = 0;
		};
		292F64C75E608421043B86A4 /* [CP] Check Pods Manifest.lock */ = {
			isa = PBXShellScriptBuildPhase;
			buildActionMask = 2147483647;
			files = (
			);
			inputPaths = (
				"${PODS_PODFILE_DIR_PATH}/Podfile.lock",
				"${PODS_ROOT}/Manifest.lock",
			);
			name = "[CP] Check Pods Manifest.lock";
			outputPaths = (
				"$(DERIVED_FILE_DIR)/Pods-Walk2Deals-checkManifestLockResult.txt",
			);
			runOnlyForDeploymentPostprocessing = 0;
			shellPath = /bin/sh;
			shellScript = "diff \"${PODS_PODFILE_DIR_PATH}/Podfile.lock\" \"${PODS_ROOT}/Manifest.lock\" > /dev/null\nif [ $? != 0 ] ; then\n    # print error to STDERR\n    echo \"error: The sandbox is not in sync with the Podfile.lock. Run 'pod install' or update your CocoaPods installation.\" >&2\n    exit 1\nfi\n# This output is used by Xcode 'outputs' to avoid re-running this script phase.\necho \"SUCCESS\" > \"${SCRIPT_OUTPUT_FILE_0}\"\n";
			showEnvVarsInLog = 0;
		};
		29687829576BDCC3D392D689 /* [CP] Copy Pods Resources */ = {
			isa = PBXShellScriptBuildPhase;
			buildActionMask = 2147483647;
			files = (
			);
			inputPaths = (
			);
			name = "[CP] Copy Pods Resources";
			outputPaths = (
			);
			runOnlyForDeploymentPostprocessing = 0;
			shellPath = /bin/sh;
			shellScript = "\"${SRCROOT}/Pods/Target Support Files/Pods-Walk2DealsTests/Pods-Walk2DealsTests-resources.sh\"\n";
			showEnvVarsInLog = 0;
		};
		36816D7C8D5368508D6BD022 /* [CP] Embed Pods Frameworks */ = {
			isa = PBXShellScriptBuildPhase;
			buildActionMask = 2147483647;
			files = (
			);
			inputPaths = (
			);
			name = "[CP] Embed Pods Frameworks";
			outputPaths = (
			);
			runOnlyForDeploymentPostprocessing = 0;
			shellPath = /bin/sh;
			shellScript = "\"${SRCROOT}/Pods/Target Support Files/Pods-Walk2DealsUITests/Pods-Walk2DealsUITests-frameworks.sh\"\n";
			showEnvVarsInLog = 0;
		};
		3BBEFED3F67D9ACA12F92993 /* [CP] Copy Pods Resources */ = {
			isa = PBXShellScriptBuildPhase;
			buildActionMask = 2147483647;
			files = (
			);
			inputPaths = (
			);
			name = "[CP] Copy Pods Resources";
			outputPaths = (
			);
			runOnlyForDeploymentPostprocessing = 0;
			shellPath = /bin/sh;
			shellScript = "\"${SRCROOT}/Pods/Target Support Files/Pods-Walk2Deals/Pods-Walk2Deals-resources.sh\"\n";
			showEnvVarsInLog = 0;
		};
		5187825AA58FF5FA78B78AE4 /* [CP] Embed Pods Frameworks */ = {
			isa = PBXShellScriptBuildPhase;
			buildActionMask = 2147483647;
			files = (
			);
			inputPaths = (
			);
			name = "[CP] Embed Pods Frameworks";
			outputPaths = (
			);
			runOnlyForDeploymentPostprocessing = 0;
			shellPath = /bin/sh;
			shellScript = "\"${SRCROOT}/Pods/Target Support Files/Pods-Walk2DealsTests/Pods-Walk2DealsTests-frameworks.sh\"\n";
			showEnvVarsInLog = 0;
		};
		945ED9BFBB48059AB2052675 /* [CP] Check Pods Manifest.lock */ = {
			isa = PBXShellScriptBuildPhase;
			buildActionMask = 2147483647;
			files = (
			);
			inputPaths = (
				"${PODS_PODFILE_DIR_PATH}/Podfile.lock",
				"${PODS_ROOT}/Manifest.lock",
			);
			name = "[CP] Check Pods Manifest.lock";
			outputPaths = (
				"$(DERIVED_FILE_DIR)/Pods-Walk2DealsUITests-checkManifestLockResult.txt",
			);
			runOnlyForDeploymentPostprocessing = 0;
			shellPath = /bin/sh;
			shellScript = "diff \"${PODS_PODFILE_DIR_PATH}/Podfile.lock\" \"${PODS_ROOT}/Manifest.lock\" > /dev/null\nif [ $? != 0 ] ; then\n    # print error to STDERR\n    echo \"error: The sandbox is not in sync with the Podfile.lock. Run 'pod install' or update your CocoaPods installation.\" >&2\n    exit 1\nfi\n# This output is used by Xcode 'outputs' to avoid re-running this script phase.\necho \"SUCCESS\" > \"${SCRIPT_OUTPUT_FILE_0}\"\n";
			showEnvVarsInLog = 0;
		};
		DB6E6259D4C30C572695EC4D /* [CP] Check Pods Manifest.lock */ = {
			isa = PBXShellScriptBuildPhase;
			buildActionMask = 2147483647;
			files = (
			);
			inputPaths = (
				"${PODS_PODFILE_DIR_PATH}/Podfile.lock",
				"${PODS_ROOT}/Manifest.lock",
			);
			name = "[CP] Check Pods Manifest.lock";
			outputPaths = (
				"$(DERIVED_FILE_DIR)/Pods-Walk2DealsTests-checkManifestLockResult.txt",
			);
			runOnlyForDeploymentPostprocessing = 0;
			shellPath = /bin/sh;
			shellScript = "diff \"${PODS_PODFILE_DIR_PATH}/Podfile.lock\" \"${PODS_ROOT}/Manifest.lock\" > /dev/null\nif [ $? != 0 ] ; then\n    # print error to STDERR\n    echo \"error: The sandbox is not in sync with the Podfile.lock. Run 'pod install' or update your CocoaPods installation.\" >&2\n    exit 1\nfi\n# This output is used by Xcode 'outputs' to avoid re-running this script phase.\necho \"SUCCESS\" > \"${SCRIPT_OUTPUT_FILE_0}\"\n";
			showEnvVarsInLog = 0;
		};
		E1FE8422EE5A3D3322D39DE1 /* [CP] Embed Pods Frameworks */ = {
			isa = PBXShellScriptBuildPhase;
			buildActionMask = 2147483647;
			files = (
			);
			inputPaths = (
				"${SRCROOT}/Pods/Target Support Files/Pods-Walk2Deals/Pods-Walk2Deals-frameworks.sh",
				"${BUILT_PRODUCTS_DIR}/ActionSheetPicker-3.0/ActionSheetPicker_3_0.framework",
				"${BUILT_PRODUCTS_DIR}/Alamofire/Alamofire.framework",
				"${BUILT_PRODUCTS_DIR}/MBProgressHUD/MBProgressHUD.framework",
				"${BUILT_PRODUCTS_DIR}/SDWebImage/SDWebImage.framework",
			);
			name = "[CP] Embed Pods Frameworks";
			outputPaths = (
				"${TARGET_BUILD_DIR}/${FRAMEWORKS_FOLDER_PATH}/ActionSheetPicker_3_0.framework",
				"${TARGET_BUILD_DIR}/${FRAMEWORKS_FOLDER_PATH}/Alamofire.framework",
				"${TARGET_BUILD_DIR}/${FRAMEWORKS_FOLDER_PATH}/MBProgressHUD.framework",
				"${TARGET_BUILD_DIR}/${FRAMEWORKS_FOLDER_PATH}/SDWebImage.framework",
			);
			runOnlyForDeploymentPostprocessing = 0;
			shellPath = /bin/sh;
			shellScript = "\"${SRCROOT}/Pods/Target Support Files/Pods-Walk2Deals/Pods-Walk2Deals-frameworks.sh\"\n";
			showEnvVarsInLog = 0;
		};
/* End PBXShellScriptBuildPhase section */

/* Begin PBXSourcesBuildPhase section */
		1841396B1F6FF7E900B73595 /* Sources */ = {
			isa = PBXSourcesBuildPhase;
			buildActionMask = 2147483647;
			files = (
				184139AC1F70070D00B73595 /* VerificationCodeViewController.swift in Sources */,
				184139AB1F70070D00B73595 /* CreateAccountViewController.swift in Sources */,
				184139751F6FF7EA00B73595 /* ViewController.swift in Sources */,
				12E8878E1F83EC4E00335823 /* LoginViewController.swift in Sources */,
				18437E6A1F90B13E003B9631 /* LFLocationService.swift in Sources */,
				12389F6A1F8558E400CE790C /* PostAddViewController.swift in Sources */,
				18BD79D81F72A74800BB1A83 /* CXAppConfig.swift in Sources */,
				126CEAA81F86A6D300B32BD5 /* ReviewListViewController.swift in Sources */,
				18437E5D1F90880D003B9631 /* CAPSPageMenu.swift in Sources */,
				12355DD41F8661D50053A5F5 /* PostAddTableViewCell.swift in Sources */,
				184139A11F6FFCDF00B73595 /* CXDataService.swift in Sources */,
				187D5B411F76774800A5E250 /* TableViewCell.swift in Sources */,
				126CEAAA1F86A71200B32BD5 /* AboutDeailViewController.swift in Sources */,
				18437E6D1F90B6E0003B9631 /* StarbucksAnnotation.swift in Sources */,
				187D5B3D1F76643F00A5E250 /* HomeCollectionViewCell.swift in Sources */,
				18437E641F909465003B9631 /* CXCommentViewController.swift in Sources */,
				184139731F6FF7E900B73595 /* AppDelegate.swift in Sources */,
				184139AD1F70070D00B73595 /* EnterMobileNumberViewController.swift in Sources */,
				126CEAAC1F86A72C00B32BD5 /* WriteReviewViewController.swift in Sources */,
				126CEAA61F86A68500B32BD5 /* DealsDetailsViewController.swift in Sources */,
				187D5B221F764F1B00A5E250 /* HomeViewController.swift in Sources */,
				122670E01F8D168100FED033 /* UIImageView+UIActivityIndicatorForSDWebImage.m in Sources */,
				187D5B1D1F764DE900A5E250 /* SWRevealViewController.m in Sources */,
				187D5B241F764F2C00A5E250 /* LeftViewController.swift in Sources */,
				184139A41F70004200B73595 /* CXLog.swift in Sources */,
				18437E661F9094AB003B9631 /* FloatRatingView.swift in Sources */,
				12355DD81F86624A0053A5F5 /* PostAddOneTableViewCell.swift in Sources */,
				18437E631F909465003B9631 /* CXCommentRatingViewController.swift in Sources */,
				18437E701F90B6EE003B9631 /* CustomCalloutView.swift in Sources */,
				18437E5F1F908C90003B9631 /* NearByDealsViewController.swift in Sources */,
				184139AE1F70070D00B73595 /* LaunchViewController.swift in Sources */,
				122670E31F8E85D600FED033 /* KIImagePager.m in Sources */,
			);
			runOnlyForDeploymentPostprocessing = 0;
		};
		1841397F1F6FF7EA00B73595 /* Sources */ = {
			isa = PBXSourcesBuildPhase;
			buildActionMask = 2147483647;
			files = (
				184139881F6FF7EA00B73595 /* Walk2DealsTests.swift in Sources */,
			);
			runOnlyForDeploymentPostprocessing = 0;
		};
		1841398A1F6FF7EA00B73595 /* Sources */ = {
			isa = PBXSourcesBuildPhase;
			buildActionMask = 2147483647;
			files = (
				184139931F6FF7EA00B73595 /* Walk2DealsUITests.swift in Sources */,
			);
			runOnlyForDeploymentPostprocessing = 0;
		};
/* End PBXSourcesBuildPhase section */

/* Begin PBXTargetDependency section */
		184139851F6FF7EA00B73595 /* PBXTargetDependency */ = {
			isa = PBXTargetDependency;
			target = 1841396E1F6FF7E900B73595 /* Walk2Deals */;
			targetProxy = 184139841F6FF7EA00B73595 /* PBXContainerItemProxy */;
		};
		184139901F6FF7EA00B73595 /* PBXTargetDependency */ = {
			isa = PBXTargetDependency;
			target = 1841396E1F6FF7E900B73595 /* Walk2Deals */;
			targetProxy = 1841398F1F6FF7EA00B73595 /* PBXContainerItemProxy */;
		};
/* End PBXTargetDependency section */

/* Begin PBXVariantGroup section */
		184139761F6FF7EA00B73595 /* Main.storyboard */ = {
			isa = PBXVariantGroup;
			children = (
				184139771F6FF7EA00B73595 /* Base */,
			);
			name = Main.storyboard;
			sourceTree = "<group>";
		};
		1841397B1F6FF7EA00B73595 /* LaunchScreen.storyboard */ = {
			isa = PBXVariantGroup;
			children = (
				1841397C1F6FF7EA00B73595 /* Base */,
			);
			name = LaunchScreen.storyboard;
			sourceTree = "<group>";
		};
/* End PBXVariantGroup section */

/* Begin XCBuildConfiguration section */
		184139951F6FF7EA00B73595 /* Debug */ = {
			isa = XCBuildConfiguration;
			buildSettings = {
				ALWAYS_SEARCH_USER_PATHS = NO;
				CLANG_ANALYZER_NONNULL = YES;
				CLANG_ANALYZER_NUMBER_OBJECT_CONVERSION = YES_AGGRESSIVE;
				CLANG_CXX_LANGUAGE_STANDARD = "gnu++0x";
				CLANG_CXX_LIBRARY = "libc++";
				CLANG_ENABLE_MODULES = YES;
				CLANG_ENABLE_OBJC_ARC = YES;
				CLANG_WARN_BOOL_CONVERSION = YES;
				CLANG_WARN_CONSTANT_CONVERSION = YES;
				CLANG_WARN_DIRECT_OBJC_ISA_USAGE = YES_ERROR;
				CLANG_WARN_DOCUMENTATION_COMMENTS = YES;
				CLANG_WARN_EMPTY_BODY = YES;
				CLANG_WARN_ENUM_CONVERSION = YES;
				CLANG_WARN_INFINITE_RECURSION = YES;
				CLANG_WARN_INT_CONVERSION = YES;
				CLANG_WARN_OBJC_ROOT_CLASS = YES_ERROR;
				CLANG_WARN_SUSPICIOUS_MOVE = YES;
				CLANG_WARN_UNREACHABLE_CODE = YES;
				CLANG_WARN__DUPLICATE_METHOD_MATCH = YES;
				"CODE_SIGN_IDENTITY[sdk=iphoneos*]" = "iPhone Developer";
				COPY_PHASE_STRIP = NO;
				DEBUG_INFORMATION_FORMAT = dwarf;
				ENABLE_STRICT_OBJC_MSGSEND = YES;
				ENABLE_TESTABILITY = YES;
				GCC_C_LANGUAGE_STANDARD = gnu99;
				GCC_DYNAMIC_NO_PIC = NO;
				GCC_NO_COMMON_BLOCKS = YES;
				GCC_OPTIMIZATION_LEVEL = 0;
				GCC_PREPROCESSOR_DEFINITIONS = (
					"DEBUG=1",
					"$(inherited)",
				);
				GCC_WARN_64_TO_32_BIT_CONVERSION = YES;
				GCC_WARN_ABOUT_RETURN_TYPE = YES_ERROR;
				GCC_WARN_UNDECLARED_SELECTOR = YES;
				GCC_WARN_UNINITIALIZED_AUTOS = YES_AGGRESSIVE;
				GCC_WARN_UNUSED_FUNCTION = YES;
				GCC_WARN_UNUSED_VARIABLE = YES;
				IPHONEOS_DEPLOYMENT_TARGET = 10.3;
				MTL_ENABLE_DEBUG_INFO = YES;
				ONLY_ACTIVE_ARCH = YES;
				SDKROOT = iphoneos;
				SWIFT_ACTIVE_COMPILATION_CONDITIONS = DEBUG;
				SWIFT_OPTIMIZATION_LEVEL = "-Onone";
			};
			name = Debug;
		};
		184139961F6FF7EA00B73595 /* Release */ = {
			isa = XCBuildConfiguration;
			buildSettings = {
				ALWAYS_SEARCH_USER_PATHS = NO;
				CLANG_ANALYZER_NONNULL = YES;
				CLANG_ANALYZER_NUMBER_OBJECT_CONVERSION = YES_AGGRESSIVE;
				CLANG_CXX_LANGUAGE_STANDARD = "gnu++0x";
				CLANG_CXX_LIBRARY = "libc++";
				CLANG_ENABLE_MODULES = YES;
				CLANG_ENABLE_OBJC_ARC = YES;
				CLANG_WARN_BOOL_CONVERSION = YES;
				CLANG_WARN_CONSTANT_CONVERSION = YES;
				CLANG_WARN_DIRECT_OBJC_ISA_USAGE = YES_ERROR;
				CLANG_WARN_DOCUMENTATION_COMMENTS = YES;
				CLANG_WARN_EMPTY_BODY = YES;
				CLANG_WARN_ENUM_CONVERSION = YES;
				CLANG_WARN_INFINITE_RECURSION = YES;
				CLANG_WARN_INT_CONVERSION = YES;
				CLANG_WARN_OBJC_ROOT_CLASS = YES_ERROR;
				CLANG_WARN_SUSPICIOUS_MOVE = YES;
				CLANG_WARN_UNREACHABLE_CODE = YES;
				CLANG_WARN__DUPLICATE_METHOD_MATCH = YES;
				"CODE_SIGN_IDENTITY[sdk=iphoneos*]" = "iPhone Developer";
				COPY_PHASE_STRIP = NO;
				DEBUG_INFORMATION_FORMAT = "dwarf-with-dsym";
				ENABLE_NS_ASSERTIONS = NO;
				ENABLE_STRICT_OBJC_MSGSEND = YES;
				GCC_C_LANGUAGE_STANDARD = gnu99;
				GCC_NO_COMMON_BLOCKS = YES;
				GCC_WARN_64_TO_32_BIT_CONVERSION = YES;
				GCC_WARN_ABOUT_RETURN_TYPE = YES_ERROR;
				GCC_WARN_UNDECLARED_SELECTOR = YES;
				GCC_WARN_UNINITIALIZED_AUTOS = YES_AGGRESSIVE;
				GCC_WARN_UNUSED_FUNCTION = YES;
				GCC_WARN_UNUSED_VARIABLE = YES;
				IPHONEOS_DEPLOYMENT_TARGET = 10.3;
				MTL_ENABLE_DEBUG_INFO = NO;
				SDKROOT = iphoneos;
				SWIFT_OPTIMIZATION_LEVEL = "-Owholemodule";
				VALIDATE_PRODUCT = YES;
			};
			name = Release;
		};
		184139981F6FF7EA00B73595 /* Debug */ = {
			isa = XCBuildConfiguration;
			baseConfigurationReference = 513194D07A79E0872A50E4E1 /* Pods-Walk2Deals.debug.xcconfig */;
			buildSettings = {
				ASSETCATALOG_COMPILER_APPICON_NAME = AppIcon;
				CLANG_ENABLE_MODULES = YES;
				INFOPLIST_FILE = Walk2Deals/Info.plist;
				LD_RUNPATH_SEARCH_PATHS = "$(inherited) @executable_path/Frameworks";
				PRODUCT_BUNDLE_IDENTIFIER = com.ongo.Walk2Deals;
				PRODUCT_NAME = "$(TARGET_NAME)";
				SWIFT_OBJC_BRIDGING_HEADER = "Walk2Deals/Walk2Deals-Bridging-Header.h";
				SWIFT_OPTIMIZATION_LEVEL = "-Onone";
				SWIFT_VERSION = 3.0;
			};
			name = Debug;
		};
		184139991F6FF7EA00B73595 /* Release */ = {
			isa = XCBuildConfiguration;
			baseConfigurationReference = 094D1CED68723E0DE3C41B5E /* Pods-Walk2Deals.release.xcconfig */;
			buildSettings = {
				ASSETCATALOG_COMPILER_APPICON_NAME = AppIcon;
				CLANG_ENABLE_MODULES = YES;
				INFOPLIST_FILE = Walk2Deals/Info.plist;
				LD_RUNPATH_SEARCH_PATHS = "$(inherited) @executable_path/Frameworks";
				PRODUCT_BUNDLE_IDENTIFIER = com.ongo.Walk2Deals;
				PRODUCT_NAME = "$(TARGET_NAME)";
				SWIFT_OBJC_BRIDGING_HEADER = "Walk2Deals/Walk2Deals-Bridging-Header.h";
				SWIFT_VERSION = 3.0;
			};
			name = Release;
		};
		1841399B1F6FF7EA00B73595 /* Debug */ = {
			isa = XCBuildConfiguration;
			baseConfigurationReference = AD6DB2711D3E21BEF474A903 /* Pods-Walk2DealsTests.debug.xcconfig */;
			buildSettings = {
				ALWAYS_EMBED_SWIFT_STANDARD_LIBRARIES = YES;
				BUNDLE_LOADER = "$(TEST_HOST)";
				INFOPLIST_FILE = Walk2DealsTests/Info.plist;
				LD_RUNPATH_SEARCH_PATHS = "$(inherited) @executable_path/Frameworks @loader_path/Frameworks";
				PRODUCT_BUNDLE_IDENTIFIER = com.ongo.Walk2DealsTests;
				PRODUCT_NAME = "$(TARGET_NAME)";
				SWIFT_VERSION = 3.0;
				TEST_HOST = "$(BUILT_PRODUCTS_DIR)/Walk2Deals.app/Walk2Deals";
			};
			name = Debug;
		};
		1841399C1F6FF7EA00B73595 /* Release */ = {
			isa = XCBuildConfiguration;
			baseConfigurationReference = D09F227503B92FB17082B3CB /* Pods-Walk2DealsTests.release.xcconfig */;
			buildSettings = {
				ALWAYS_EMBED_SWIFT_STANDARD_LIBRARIES = YES;
				BUNDLE_LOADER = "$(TEST_HOST)";
				INFOPLIST_FILE = Walk2DealsTests/Info.plist;
				LD_RUNPATH_SEARCH_PATHS = "$(inherited) @executable_path/Frameworks @loader_path/Frameworks";
				PRODUCT_BUNDLE_IDENTIFIER = com.ongo.Walk2DealsTests;
				PRODUCT_NAME = "$(TARGET_NAME)";
				SWIFT_VERSION = 3.0;
				TEST_HOST = "$(BUILT_PRODUCTS_DIR)/Walk2Deals.app/Walk2Deals";
			};
			name = Release;
		};
		1841399E1F6FF7EA00B73595 /* Debug */ = {
			isa = XCBuildConfiguration;
			baseConfigurationReference = 93E02FF06837F95D0027841B /* Pods-Walk2DealsUITests.debug.xcconfig */;
			buildSettings = {
				ALWAYS_EMBED_SWIFT_STANDARD_LIBRARIES = YES;
				INFOPLIST_FILE = Walk2DealsUITests/Info.plist;
				LD_RUNPATH_SEARCH_PATHS = "$(inherited) @executable_path/Frameworks @loader_path/Frameworks";
				PRODUCT_BUNDLE_IDENTIFIER = com.ongo.Walk2DealsUITests;
				PRODUCT_NAME = "$(TARGET_NAME)";
				SWIFT_VERSION = 3.0;
				TEST_TARGET_NAME = Walk2Deals;
			};
			name = Debug;
		};
		1841399F1F6FF7EA00B73595 /* Release */ = {
			isa = XCBuildConfiguration;
			baseConfigurationReference = ECD70C951A49E23B6115ABE8 /* Pods-Walk2DealsUITests.release.xcconfig */;
			buildSettings = {
				ALWAYS_EMBED_SWIFT_STANDARD_LIBRARIES = YES;
				INFOPLIST_FILE = Walk2DealsUITests/Info.plist;
				LD_RUNPATH_SEARCH_PATHS = "$(inherited) @executable_path/Frameworks @loader_path/Frameworks";
				PRODUCT_BUNDLE_IDENTIFIER = com.ongo.Walk2DealsUITests;
				PRODUCT_NAME = "$(TARGET_NAME)";
				SWIFT_VERSION = 3.0;
				TEST_TARGET_NAME = Walk2Deals;
			};
			name = Release;
		};
/* End XCBuildConfiguration section */

/* Begin XCConfigurationList section */
		1841396A1F6FF7E800B73595 /* Build configuration list for PBXProject "Walk2Deals" */ = {
			isa = XCConfigurationList;
			buildConfigurations = (
				184139951F6FF7EA00B73595 /* Debug */,
				184139961F6FF7EA00B73595 /* Release */,
			);
			defaultConfigurationIsVisible = 0;
			defaultConfigurationName = Release;
		};
		184139971F6FF7EA00B73595 /* Build configuration list for PBXNativeTarget "Walk2Deals" */ = {
			isa = XCConfigurationList;
			buildConfigurations = (
				184139981F6FF7EA00B73595 /* Debug */,
				184139991F6FF7EA00B73595 /* Release */,
			);
			defaultConfigurationIsVisible = 0;
			defaultConfigurationName = Release;
		};
		1841399A1F6FF7EA00B73595 /* Build configuration list for PBXNativeTarget "Walk2DealsTests" */ = {
			isa = XCConfigurationList;
			buildConfigurations = (
				1841399B1F6FF7EA00B73595 /* Debug */,
				1841399C1F6FF7EA00B73595 /* Release */,
			);
			defaultConfigurationIsVisible = 0;
			defaultConfigurationName = Release;
		};
		1841399D1F6FF7EA00B73595 /* Build configuration list for PBXNativeTarget "Walk2DealsUITests" */ = {
			isa = XCConfigurationList;
			buildConfigurations = (
				1841399E1F6FF7EA00B73595 /* Debug */,
				1841399F1F6FF7EA00B73595 /* Release */,
			);
			defaultConfigurationIsVisible = 0;
			defaultConfigurationName = Release;
		};
/* End XCConfigurationList section */
	};
	rootObject = 184139671F6FF7E800B73595 /* Project object */;
}
